<?xml version="1.0" encoding="utf-8"?>
<Project ToolsVersion="4.0" xmlns="http://schemas.microsoft.com/developer/msbuild/2003">
  <ItemGroup>
    <Filter Include="Source Files">
      <UniqueIdentifier>{4FC737F1-C7A5-4376-A066-2A32D752A2FF}</UniqueIdentifier>
      <Extensions>cpp;c;cc;cxx;c++;cppm;ixx;def;odl;idl;hpj;bat;asm;asmx</Extensions>
    </Filter>
    <Filter Include="Source Files\Objects">
      <UniqueIdentifier>{203768f6-512d-45e5-87d4-5aec72c1561b}</UniqueIdentifier>
    </Filter>
    <Filter Include="GameAPI">
      <UniqueIdentifier>{c2e2d1aa-1805-487f-9beb-763e5b22492c}</UniqueIdentifier>
    </Filter>
    <Filter Include="Source Files\Objects\Bosses">
      <UniqueIdentifier>{45fb54b5-1861-46cb-b8a5-69c0235e11f7}</UniqueIdentifier>
    </Filter>
    <Filter Include="Source Files\Objects\Menu">
      <UniqueIdentifier>{69de7ba3-5439-4c24-a90b-567c9a4cc8f3}</UniqueIdentifier>
    </Filter>
  </ItemGroup>
  <ItemGroup>
    <ClCompile Include="dllmain.c">
      <Filter>Source Files</Filter>
    </ClCompile>
    <ClCompile Include="..\GameAPI\C\GameAPI\Game.c">
      <Filter>GameAPI</Filter>
    </ClCompile>
    <ClCompile Include="Objects\All.c">
      <Filter>Source Files\Objects</Filter>
    </ClCompile>
    <ClCompile Include="Objects\Bosses\HeavyShinobi.c">
      <Filter>Source Files\Objects\Bosses</Filter>
    </ClCompile>
    <ClCompile Include="Objects\Bosses\SpiderMobile.c">
      <Filter>Source Files\Objects\Bosses</Filter>
    </ClCompile>
    <ClCompile Include="Objects\Menu\MainMenu.c">
      <Filter>Source Files\Objects\Menu</Filter>
    </ClCompile>
    <ClCompile Include="Objects\Menu\UIDiorama.c">
      <Filter>Source Files\Objects\Menu</Filter>
    </ClCompile>
  </ItemGroup>
  <ItemGroup>
    <ClInclude Include="..\GameAPI\C\GameAPI\Game.h">
      <Filter>GameAPI</Filter>
    </ClInclude>
    <ClInclude Include="..\GameAPI\C\GameAPI\GameLink.h">
      <Filter>GameAPI</Filter>
    </ClInclude>
    <ClInclude Include="..\GameAPI\C\GameAPI\GameObjects.h">
      <Filter>GameAPI</Filter>
    </ClInclude>
    <ClInclude Include="..\GameAPI\C\GameAPI\GameVariables.h">
      <Filter>GameAPI</Filter>
    </ClInclude>
    <ClInclude Include="ModConfig.h">
      <Filter>Source Files</Filter>
    </ClInclude>
    <ClInclude Include="Objects\All.h">
      <Filter>Source Files\Objects</Filter>
    </ClInclude>
    <ClInclude Include="Objects\Zone.h">
      <Filter>Source Files\Objects</Filter>
    </ClInclude>
    <ClInclude Include="Objects\Bosses\HeavyShinobi.h">
      <Filter>Source Files\Objects\Bosses</Filter>
    </ClInclude>
    <ClInclude Include="Objects\Bosses\SpiderMobile.h">
      <Filter>Source Files\Objects\Bosses</Filter>
    </ClInclude>
    <ClInclude Include="Objects\Menu\MainMenu.h">
      <Filter>Source Files\Objects\Menu</Filter>
    </ClInclude>
    <ClInclude Include="Objects\Menu\UIControl.h">
      <Filter>Source Files\Objects\Menu</Filter>
    </ClInclude>
    <ClInclude Include="Objects\Menu\UIDiorama.h">
      <Filter>Source Files\Objects\Menu</Filter>
    </ClInclude>
  </ItemGroup>
</Project>